
Microsoft Visual Studio Solution File, Format Version 12.00
# Visual Studio Version 17
VisualStudioVersion = 17.6.33815.320
MinimumVisualStudioVersion = 10.0.40219.1
Project("{FAE04EC0-301F-11D3-BF4B-00C04F79EFBC}") = "UnitTests", "UnitTests\UnitTests.csproj", "{6B3EEC9E-2BDF-492E-BCC7-609D5AB398EF}"
EndProject
Project("{9A19103F-16F7-4668-BE54-9A1E7A4F7556}") = "NetworkUltility.Tests", "NetworkUltility.Tests\NetworkUltility.Tests.csproj", "{E341737F-6D90-4C3D-9FF2-9BDEE195ACE9}"
EndProject
Project("{FAE04EC0-301F-11D3-BF4B-00C04F79EFBC}") = "NetworkUltility", "NetworkUltility2\NetworkUltility.csproj", "{98192D2F-74A1-4E99-B4A6-A96809810961}"
EndProject
Global
	GlobalSection(SolutionConfigurationPlatforms) = preSolution
		Debug|Any CPU = Debug|Any CPU
		Release|Any CPU = Release|Any CPU
	EndGlobalSection
	GlobalSection(ProjectConfigurationPlatforms) = postSolution
		{6B3EEC9E-2BDF-492E-BCC7-609D5AB398EF}.Debug|Any CPU.ActiveCfg = Debug|Any CPU
		{6B3EEC9E-2BDF-492E-BCC7-609D5AB398EF}.Debug|Any CPU.Build.0 = Debug|Any CPU
		{6B3EEC9E-2BDF-492E-BCC7-609D5AB398EF}.Release|Any CPU.ActiveCfg = Release|Any CPU
		{6B3EEC9E-2BDF-492E-BCC7-609D5AB398EF}.Release|Any CPU.Build.0 = Release|Any CPU
		{E341737F-6D90-4C3D-9FF2-9BDEE195ACE9}.Debug|Any CPU.ActiveCfg = Debug|Any CPU
		{E341737F-6D90-4C3D-9FF2-9BDEE195ACE9}.Debug|Any CPU.Build.0 = Debug|Any CPU
		{E341737F-6D90-4C3D-9FF2-9BDEE195ACE9}.Release|Any CPU.ActiveCfg = Release|Any CPU
		{E341737F-6D90-4C3D-9FF2-9BDEE195ACE9}.Release|Any CPU.Build.0 = Release|Any CPU
		{98192D2F-74A1-4E99-B4A6-A96809810961}.Debug|Any CPU.ActiveCfg = Debug|Any CPU
		{98192D2F-74A1-4E99-B4A6-A96809810961}.Debug|Any CPU.Build.0 = Debug|Any CPU
		{98192D2F-74A1-4E99-B4A6-A96809810961}.Release|Any CPU.ActiveCfg = Release|Any CPU
		{98192D2F-74A1-4E99-B4A6-A96809810961}.Release|Any CPU.Build.0 = Release|Any CPU
	EndGlobalSection
	GlobalSection(SolutionProperties) = preSolution
		HideSolutionNode = FALSE
	EndGlobalSection
	GlobalSection(ExtensibilityGlobals) = postSolution
		SolutionGuid = {D92C6345-0E33-4EB0-958E-8D9DECE93D4F}
	EndGlobalSection
EndGlobal
